<?xml version="1.0" encoding="utf-8"?>
<Project ToolsVersion="4.0" xmlns="http://schemas.microsoft.com/developer/msbuild/2003">
  <ItemGroup>
    <None Include="packages.config" />
  </ItemGroup>
  <ItemGroup>
    <Filter Include="ivhd">
      <UniqueIdentifier>{dcc1ae5d-da6a-403b-9582-773d4fef967c}</UniqueIdentifier>
    </Filter>
    <Filter Include="core">
      <UniqueIdentifier>{eb3f5004-2055-4b8f-af38-1fb5be76cc06}</UniqueIdentifier>
    </Filter>
    <Filter Include="embed">
      <UniqueIdentifier>{7989af0c-9b30-486b-9dfa-5891b878baea}</UniqueIdentifier>
    </Filter>
    <Filter Include="particles">
      <UniqueIdentifier>{d72958e7-7667-48c2-9105-32c3936d344f}</UniqueIdentifier>
    </Filter>
    <Filter Include="graph">
      <UniqueIdentifier>{a4333917-5a55-4d0f-a77b-e0dc49c0d9e5}</UniqueIdentifier>
    </Filter>
    <Filter Include="utils">
      <UniqueIdentifier>{b151d21c-2274-47e7-a754-2348b0513f78}</UniqueIdentifier>
    </Filter>
    <Filter Include="threading">
      <UniqueIdentifier>{a8f0cc19-c17e-4cae-bd48-d005de9a3b67}</UniqueIdentifier>
    </Filter>
  </ItemGroup>
  <ItemGroup>
    <ClCompile Include="core\LoggerTest.cpp">
      <Filter>core</Filter>
    </ClCompile>
    <ClCompile Include="embed\CasterTest.cpp">
      <Filter>embed</Filter>
    </ClCompile>
    <ClCompile Include="particles\ParticleData.cpp">
      <Filter>particles</Filter>
    </ClCompile>
    <ClCompile Include="ivhd\InteractiveVisualizationBuilderTest.cpp">
      <Filter>ivhd</Filter>
    </ClCompile>
    <ClCompile Include="graph\GraphTest.cpp">
      <Filter>graph</Filter>
    </ClCompile>
    <ClCompile Include="graph\KDTreeTest.cpp">
      <Filter>graph</Filter>
    </ClCompile>
    <ClCompile Include="threading\ThreadPoolTest.cpp">
      <Filter>threading</Filter>
    </ClCompile>
  </ItemGroup>
  <ItemGroup>
    <ClInclude Include="TestUtils.h" />
  </ItemGroup>
</Project>