<?xml version="1.0" encoding="utf-8"?>
<Project ToolsVersion="4.0" xmlns="http://schemas.microsoft.com/developer/msbuild/2003">
  <ItemGroup>
    <Filter Include="Header Files">
      <UniqueIdentifier>{1e5e4576-6196-4b18-a961-df6fd48aca78}</UniqueIdentifier>
    </Filter>
    <Filter Include="Source Files">
      <UniqueIdentifier>{017ef1cb-292c-4155-aea4-2eb17984b08d}</UniqueIdentifier>
    </Filter>
    <Filter Include="Header Files\caster">
      <UniqueIdentifier>{058b0ad5-66ff-4f96-b73f-df93865e4793}</UniqueIdentifier>
    </Filter>
    <Filter Include="Source Files\caster">
      <UniqueIdentifier>{0eead19d-49bd-43fb-a5ad-af68659e5201}</UniqueIdentifier>
    </Filter>
  </ItemGroup>
  <ItemGroup>
    <ClInclude Include="include\constants.h">
      <Filter>Header Files</Filter>
    </ClInclude>
    <ClInclude Include="include\caster\caster_cuda.cuh">
      <Filter>Header Files\caster</Filter>
    </ClInclude>
    <ClInclude Include="include\caster\caster_cuda_ab.cuh">
      <Filter>Header Files\caster</Filter>
    </ClInclude>
    <ClInclude Include="include\caster\caster.h">
      <Filter>Header Files\caster</Filter>
    </ClInclude>
    <ClInclude Include="include\distance.h">
      <Filter>Header Files</Filter>
    </ClInclude>
    <ClInclude Include="include\distance_container.h">
      <Filter>Header Files</Filter>
    </ClInclude>
    <ClInclude Include="include\caster_factory.h">
      <Filter>Header Files</Filter>
    </ClInclude>
  </ItemGroup>
  <ItemGroup>
    <CudaCompile Include="source\caster\caster_cuda.cu">
      <Filter>Source Files\caster</Filter>
    </CudaCompile>
    <CudaCompile Include="source\caster\caster_cuda_ab.cu">
      <Filter>Source Files\caster</Filter>
    </CudaCompile>
  </ItemGroup>
</Project>