<?xml version="1.0" encoding="utf-8"?>
<Project ToolsVersion="4.0" xmlns="http://schemas.microsoft.com/developer/msbuild/2003">
  <ItemGroup>
    <Filter Include="Source Files">
      <UniqueIdentifier>{4FC737F1-C7A5-4376-A066-2A32D752A2FF}</UniqueIdentifier>
      <Extensions>cpp;c;cc;cxx;def;odl;idl;hpj;bat;asm;asmx</Extensions>
    </Filter>
    <Filter Include="Header Files">
      <UniqueIdentifier>{93995380-89BD-4b04-88EB-625FBE52EBFB}</UniqueIdentifier>
      <Extensions>h;hh;hpp;hxx;hm;inl;inc;ipp;xsd</Extensions>
    </Filter>
    <Filter Include="Resource Files">
      <UniqueIdentifier>{67DA6AB6-F800-4c08-8B7A-83BB121AAD01}</UniqueIdentifier>
      <Extensions>rc;ico;cur;bmp;dlg;rc2;rct;bin;rgs;gif;jpg;jpeg;jpe;resx;tiff;tif;png;wav;mfcribbon-ms</Extensions>
    </Filter>
    <Filter Include="Header Files\core">
      <UniqueIdentifier>{d1147b69-bdf2-4424-a2f2-04cc97dee84a}</UniqueIdentifier>
    </Filter>
    <Filter Include="Source Files\core">
      <UniqueIdentifier>{f1d34cf1-e3c9-419c-a8e2-caf0e046e3c1}</UniqueIdentifier>
    </Filter>
    <Filter Include="Header Files\ivhd">
      <UniqueIdentifier>{de2a87c4-afb1-4ab6-bc27-8e5dd3566b9a}</UniqueIdentifier>
    </Filter>
    <Filter Include="Source Files\facade">
      <UniqueIdentifier>{9f7461c8-acf1-4945-94fc-8a23f12599b4}</UniqueIdentifier>
    </Filter>
    <Filter Include="Source Files\ivhd">
      <UniqueIdentifier>{f683165e-d67b-4c8b-883a-896cbc868244}</UniqueIdentifier>
    </Filter>
    <Filter Include="Header Files\math">
      <UniqueIdentifier>{c6a7f6c5-0042-474e-9898-f64eeb2bd614}</UniqueIdentifier>
    </Filter>
    <Filter Include="Source Files\parse">
      <UniqueIdentifier>{160bf278-97d0-47f6-9209-9f8b025840b2}</UniqueIdentifier>
    </Filter>
    <Filter Include="Header Files\parse">
      <UniqueIdentifier>{a6f7411e-c466-4fd9-8dde-c565bc4114ef}</UniqueIdentifier>
    </Filter>
    <Filter Include="Header Files\embed">
      <UniqueIdentifier>{648b1383-2530-4496-add2-28ad65d84bfb}</UniqueIdentifier>
    </Filter>
    <Filter Include="Header Files\embed\reduce">
      <UniqueIdentifier>{25dc239a-eb5f-403d-b155-8ee810ff3e7a}</UniqueIdentifier>
    </Filter>
    <Filter Include="Header Files\embed\cluster">
      <UniqueIdentifier>{a4f17771-1312-4380-a4a5-d5f6e24e03a9}</UniqueIdentifier>
    </Filter>
    <Filter Include="Header Files\embed\cast">
      <UniqueIdentifier>{b99bf17b-517d-4954-b78a-e0daffa019ff}</UniqueIdentifier>
    </Filter>
    <Filter Include="Source Files\embed">
      <UniqueIdentifier>{bbc0d0e0-6d00-4501-9e35-3d5f41dbe821}</UniqueIdentifier>
    </Filter>
    <Filter Include="Source Files\embed\reduce">
      <UniqueIdentifier>{4276be6d-f508-40dc-8578-0c934d0b65a2}</UniqueIdentifier>
    </Filter>
    <Filter Include="Source Files\embed\cluster">
      <UniqueIdentifier>{8708c839-2fe1-4836-bf33-a2cd76567a2a}</UniqueIdentifier>
    </Filter>
    <Filter Include="Source Files\embed\cast">
      <UniqueIdentifier>{55abea08-08ed-476a-b54d-13732141cd10}</UniqueIdentifier>
    </Filter>
    <Filter Include="Header Files\graph">
      <UniqueIdentifier>{ad0bcb6b-709b-4dea-bbff-a6cac8d023a6}</UniqueIdentifier>
    </Filter>
    <Filter Include="Source Files\graph">
      <UniqueIdentifier>{d93ea77d-8e84-4b62-b107-4aa674d0d588}</UniqueIdentifier>
    </Filter>
    <Filter Include="Header Files\particles">
      <UniqueIdentifier>{3b5512cc-7f0e-475d-b7f8-32d044a0e43c}</UniqueIdentifier>
    </Filter>
    <Filter Include="Source Files\particles">
      <UniqueIdentifier>{f231fb45-90ff-4b3f-98d5-d9444b35c749}</UniqueIdentifier>
    </Filter>
    <Filter Include="Header Files\utils">
      <UniqueIdentifier>{70c29e70-d7d5-4c78-87e3-752d5c79c4fd}</UniqueIdentifier>
    </Filter>
    <Filter Include="Source Files\utils">
      <UniqueIdentifier>{6f80b222-c267-4a90-a542-e315d8ffd7fe}</UniqueIdentifier>
    </Filter>
    <Filter Include="Header Files\threading">
      <UniqueIdentifier>{ab54262f-7742-4dc6-8b2f-f1712a8c581b}</UniqueIdentifier>
    </Filter>
    <Filter Include="Header Files\facade">
      <UniqueIdentifier>{8302e218-19af-4c98-aed4-5b9acdd98dd2}</UniqueIdentifier>
    </Filter>
    <Filter Include="Header Files\graph\generate">
      <UniqueIdentifier>{49b54523-c2c8-4fc8-898b-3a5f8719d729}</UniqueIdentifier>
    </Filter>
    <Filter Include="Source Files\graph\generate">
      <UniqueIdentifier>{0a68a4b4-0966-4d64-b578-13327acd0b84}</UniqueIdentifier>
    </Filter>
    <Filter Include="Source Files\embed\cast\ivhd">
      <UniqueIdentifier>{cdf30541-3b26-4c1b-9483-103572652dfa}</UniqueIdentifier>
    </Filter>
    <Filter Include="Header Files\embed\cast\ivhd">
      <UniqueIdentifier>{117b0f5e-6e34-4866-a877-d94427eab6e8}</UniqueIdentifier>
    </Filter>
  </ItemGroup>
  <ItemGroup>
    <ClInclude Include="include\core\Logger.h">
      <Filter>Header Files\core</Filter>
    </ClInclude>
    <ClInclude Include="include\core\Core.h">
      <Filter>Header Files\core</Filter>
    </ClInclude>
    <ClInclude Include="include\parse\ParserCSV.h">
      <Filter>Header Files\parse</Filter>
    </ClInclude>
    <ClInclude Include="include\embed\cast\Caster.h">
      <Filter>Header Files\embed\cast</Filter>
    </ClInclude>
    <ClInclude Include="include\embed\cast\CasterRandom.h">
      <Filter>Header Files\embed\cast</Filter>
    </ClInclude>
    <ClInclude Include="include\math\glm_adapter.h">
      <Filter>Header Files\math</Filter>
    </ClInclude>
    <ClInclude Include="include\parse\Parser.h">
      <Filter>Header Files\parse</Filter>
    </ClInclude>
    <ClInclude Include="include\particles\ParticleData.h">
      <Filter>Header Files\particles</Filter>
    </ClInclude>
    <ClInclude Include="include\particles\ParticleSystem.h">
      <Filter>Header Files\particles</Filter>
    </ClInclude>
    <ClInclude Include="include\core\System.h">
      <Filter>Header Files\core</Filter>
    </ClInclude>
    <ClInclude Include="include\ivhd\ICaster.h">
      <Filter>Header Files\ivhd</Filter>
    </ClInclude>
    <ClInclude Include="include\ivhd\ICasterDpd.h">
      <Filter>Header Files\ivhd</Filter>
    </ClInclude>
    <ClInclude Include="include\ivhd\IClusterer.h">
      <Filter>Header Files\ivhd</Filter>
    </ClInclude>
    <ClInclude Include="include\ivhd\IInteractiveVizualization.h">
      <Filter>Header Files\ivhd</Filter>
    </ClInclude>
    <ClInclude Include="include\ivhd\InteractiveVizualizationBuilder.h">
      <Filter>Header Files\ivhd</Filter>
    </ClInclude>
    <ClInclude Include="include\ivhd\IParser.h">
      <Filter>Header Files\ivhd</Filter>
    </ClInclude>
    <ClInclude Include="include\ivhd\IParticleSystem.h">
      <Filter>Header Files\ivhd</Filter>
    </ClInclude>
    <ClInclude Include="include\ivhd\IReducer.h">
      <Filter>Header Files\ivhd</Filter>
    </ClInclude>
    <ClInclude Include="include\ivhd\IResourceFactory.h">
      <Filter>Header Files\ivhd</Filter>
    </ClInclude>
    <ClInclude Include="include\ivhd\ISetting.h">
      <Filter>Header Files\ivhd</Filter>
    </ClInclude>
    <ClInclude Include="include\ivhd\ITransformer.h">
      <Filter>Header Files\ivhd</Filter>
    </ClInclude>
    <ClInclude Include="include\ivhd\LogLevel.h">
      <Filter>Header Files\ivhd</Filter>
    </ClInclude>
    <ClInclude Include="include\ivhd\Math.h">
      <Filter>Header Files\ivhd</Filter>
    </ClInclude>
    <ClInclude Include="include\ivhd\SettingType.h">
      <Filter>Header Files\ivhd</Filter>
    </ClInclude>
    <ClInclude Include="include\ivhd\Structures.h">
      <Filter>Header Files\ivhd</Filter>
    </ClInclude>
    <ClInclude Include="include\facade\FacadeCasterRandom.h">
      <Filter>Header Files\facade</Filter>
    </ClInclude>
    <ClInclude Include="include\facade\FacadeInteractiveVizualization.h">
      <Filter>Header Files\facade</Filter>
    </ClInclude>
    <ClInclude Include="include\facade\FacadeMath.h">
      <Filter>Header Files\facade</Filter>
    </ClInclude>
    <ClInclude Include="include\facade\FacadeParserCSV.h">
      <Filter>Header Files\facade</Filter>
    </ClInclude>
    <ClInclude Include="include\facade\FacadeParticleSystem.h">
      <Filter>Header Files\facade</Filter>
    </ClInclude>
    <ClInclude Include="include\facade\FacadeResourceFactory.h">
      <Filter>Header Files\facade</Filter>
    </ClInclude>
    <ClInclude Include="include\facade\FacadeTransformer.h">
      <Filter>Header Files\facade</Filter>
    </ClInclude>
    <ClInclude Include="include\facade\FacadeCaster.h">
      <Filter>Header Files\facade</Filter>
    </ClInclude>
    <ClInclude Include="include\facade\FacadeParser.h">
      <Filter>Header Files\facade</Filter>
    </ClInclude>
    <ClInclude Include="include\graph\Graph.h">
      <Filter>Header Files\graph</Filter>
    </ClInclude>
    <ClInclude Include="include\utils\Math.h">
      <Filter>Header Files\utils</Filter>
    </ClInclude>
    <ClInclude Include="include\utils\TimeProfiler.h">
      <Filter>Header Files\utils</Filter>
    </ClInclude>
    <ClInclude Include="include\threading\ThreadPool.h">
      <Filter>Header Files\threading</Filter>
    </ClInclude>
    <ClInclude Include="include\math\IvhdMath.h">
      <Filter>Header Files\math</Filter>
    </ClInclude>
    <ClInclude Include="include\embed\cast\ICaster.h">
      <Filter>Header Files\embed\cast</Filter>
    </ClInclude>
    <ClInclude Include="include\utils\RandomColor.h">
      <Filter>Header Files\utils</Filter>
    </ClInclude>
    <ClInclude Include="include\ivhd\IResourceCollection.h">
      <Filter>Header Files\ivhd</Filter>
    </ClInclude>
    <ClInclude Include="include\facade\FacadeResourceCollection.h">
      <Filter>Header Files\facade</Filter>
    </ClInclude>
    <ClInclude Include="include\facade\FacadeCasterMDS.h">
      <Filter>Header Files\facade</Filter>
    </ClInclude>
    <ClInclude Include="include\ivhd\IGraphGenerator.h">
      <Filter>Header Files\ivhd</Filter>
    </ClInclude>
    <ClInclude Include="include\facade\FacadeGraphGenerator.h">
      <Filter>Header Files\facade</Filter>
    </ClInclude>
    <ClInclude Include="include\facade\FacadeGraphGeneratorKDTree.h">
      <Filter>Header Files\facade</Filter>
    </ClInclude>
    <ClInclude Include="include\ivhd\IGraph.h">
      <Filter>Header Files\ivhd</Filter>
    </ClInclude>
    <ClInclude Include="include\facade\FacadeGraph.h">
      <Filter>Header Files\facade</Filter>
    </ClInclude>
    <ClInclude Include="include\graph\generate\BoundedPQueue.h">
      <Filter>Header Files\graph\generate</Filter>
    </ClInclude>
    <ClInclude Include="include\graph\generate\IGraphGenerator.h">
      <Filter>Header Files\graph\generate</Filter>
    </ClInclude>
    <ClInclude Include="include\graph\generate\KDTree.h">
      <Filter>Header Files\graph\generate</Filter>
    </ClInclude>
    <ClInclude Include="include\facade\FacadeGraphGeneratorBruteForce.h">
      <Filter>Header Files\facade</Filter>
    </ClInclude>
    <ClInclude Include="include\graph\generate\BruteForce.h">
      <Filter>Header Files\graph\generate</Filter>
    </ClInclude>
    <ClInclude Include="include\graph\generate\GraphGenerator.h">
      <Filter>Header Files\graph\generate</Filter>
    </ClInclude>
    <ClInclude Include="include\facade\FacadeCasterAB.h">
      <Filter>Header Files\facade</Filter>
    </ClInclude>
    <ClInclude Include="include\facade\FacadeCasterSGD.h">
      <Filter>Header Files\facade</Filter>
    </ClInclude>
    <ClInclude Include="include\embed\cast\ivhd\CasterSGD.h">
      <Filter>Header Files\embed\cast\ivhd</Filter>
    </ClInclude>
    <ClInclude Include="include\embed\cast\ivhd\CasterForceDirected.h">
      <Filter>Header Files\embed\cast\ivhd</Filter>
    </ClInclude>
    <ClInclude Include="include\embed\cast\CasterMDS.h">
      <Filter>Header Files\embed\cast</Filter>
    </ClInclude>
  </ItemGroup>
  <ItemGroup>
    <ClCompile Include="source\core\Logger.cpp">
      <Filter>Source Files\core</Filter>
    </ClCompile>
    <ClCompile Include="source\core\Core.cpp">
      <Filter>Source Files\core</Filter>
    </ClCompile>
    <ClCompile Include="source\parse\ParserCSV.cpp">
      <Filter>Source Files\parse</Filter>
    </ClCompile>
    <ClCompile Include="source\embed\cast\Caster.cpp">
      <Filter>Source Files\embed\cast</Filter>
    </ClCompile>
    <ClCompile Include="source\parse\Parser.cpp">
      <Filter>Source Files\parse</Filter>
    </ClCompile>
    <ClCompile Include="source\particles\ParticleData.cpp">
      <Filter>Source Files\particles</Filter>
    </ClCompile>
    <ClCompile Include="source\core\System.cpp">
      <Filter>Source Files\core</Filter>
    </ClCompile>
    <ClCompile Include="source\particles\ParticleSystem.cpp">
      <Filter>Source Files\particles</Filter>
    </ClCompile>
    <ClCompile Include="source\ivhd\InteractiveVizualizationBuilder.cpp">
      <Filter>Source Files\ivhd</Filter>
    </ClCompile>
    <ClCompile Include="source\facade\FacadeCasterRandom.cpp">
      <Filter>Source Files\facade</Filter>
    </ClCompile>
    <ClCompile Include="source\facade\FacadeInteractiveVizualization.cpp">
      <Filter>Source Files\facade</Filter>
    </ClCompile>
    <ClCompile Include="source\facade\FacadeParserCSV.cpp">
      <Filter>Source Files\facade</Filter>
    </ClCompile>
    <ClCompile Include="source\facade\FacadeParticleSystem.cpp">
      <Filter>Source Files\facade</Filter>
    </ClCompile>
    <ClCompile Include="source\facade\FacadeResourceFactory.cpp">
      <Filter>Source Files\facade</Filter>
    </ClCompile>
    <ClCompile Include="source\facade\FacadeCaster.cpp">
      <Filter>Source Files\facade</Filter>
    </ClCompile>
    <ClCompile Include="source\facade\FacadeParser.cpp">
      <Filter>Source Files\facade</Filter>
    </ClCompile>
    <ClCompile Include="source\graph\Graph.cpp">
      <Filter>Source Files\graph</Filter>
    </ClCompile>
    <ClCompile Include="source\utils\TimeProfiler.cpp">
      <Filter>Source Files\utils</Filter>
    </ClCompile>
    <ClCompile Include="source\utils\RandomColor.cpp">
      <Filter>Source Files\utils</Filter>
    </ClCompile>
    <ClCompile Include="source\facade\FacadeCasterMDS.cpp">
      <Filter>Source Files\facade</Filter>
    </ClCompile>
    <ClCompile Include="source\facade\FacadeGraphGenerator.cpp">
      <Filter>Source Files\facade</Filter>
    </ClCompile>
    <ClCompile Include="source\facade\FacadeGraphGeneratorKDTree.cpp">
      <Filter>Source Files\facade</Filter>
    </ClCompile>
    <ClCompile Include="source\facade\FacadeGraph.cpp">
      <Filter>Source Files\facade</Filter>
    </ClCompile>
    <ClCompile Include="source\graph\generate\BoundedPQueue.cpp">
      <Filter>Source Files\graph\generate</Filter>
    </ClCompile>
    <ClCompile Include="source\graph\generate\KDTree.cpp">
      <Filter>Source Files\graph\generate</Filter>
    </ClCompile>
    <ClCompile Include="source\graph\generate\BruteForce.cpp">
      <Filter>Source Files\graph\generate</Filter>
    </ClCompile>
    <ClCompile Include="source\facade\FacadeGraphGeneratorBruteForce.cpp">
      <Filter>Source Files\facade</Filter>
    </ClCompile>
    <ClCompile Include="source\graph\generate\GraphGenerator.cpp">
      <Filter>Source Files\graph\generate</Filter>
    </ClCompile>
    <ClCompile Include="source\facade\FacadeCasterAB.cpp">
      <Filter>Source Files\facade</Filter>
    </ClCompile>
    <ClCompile Include="source\facade\FacadeCasterSGD.cpp">
      <Filter>Source Files\facade</Filter>
    </ClCompile>
    <ClCompile Include="source\embed\cast\CasterRandom.cpp">
      <Filter>Source Files\embed\cast</Filter>
    </ClCompile>
    <ClCompile Include="source\embed\cast\ivhd\CasterSGD.cpp">
      <Filter>Source Files\embed\cast\ivhd</Filter>
    </ClCompile>
    <ClCompile Include="source\embed\cast\ivhd\CasterForceDirected.cpp">
      <Filter>Source Files\embed\cast\ivhd</Filter>
    </ClCompile>
    <ClCompile Include="source\embed\cast\CasterMDS.cpp">
      <Filter>Source Files\embed\cast</Filter>
    </ClCompile>
  </ItemGroup>
</Project>